
Microsoft Visual Studio Solution File, Format Version 12.00
# Visual Studio 15
VisualStudioVersion = 15.0.28307.902
MinimumVisualStudioVersion = 10.0.40219.1
Project("{FAE04EC0-301F-11D3-BF4B-00C04F79EFBC}") = "ConsoleApp4", "ConsoleApp4\ConsoleApp4.csproj", "{493DD394-F86B-4415-B1AD-9F561EF4E92D}"
EndProject
Global
	GlobalSection(SolutionConfigurationPlatforms) = preSolution
		Debug|Any CPU = Debug|Any CPU
		Release|Any CPU = Release|Any CPU
	EndGlobalSection
	GlobalSection(ProjectConfigurationPlatforms) = postSolution
		{493DD394-F86B-4415-B1AD-9F561EF4E92D}.Debug|Any CPU.ActiveCfg = Debug|Any CPU
		{493DD394-F86B-4415-B1AD-9F561EF4E92D}.Debug|Any CPU.Build.0 = Debug|Any CPU
		{493DD394-F86B-4415-B1AD-9F561EF4E92D}.Release|Any CPU.ActiveCfg = Release|Any CPU
		{493DD394-F86B-4415-B1AD-9F561EF4E92D}.Release|Any CPU.Build.0 = Release|Any CPU
	EndGlobalSection
	GlobalSection(SolutionProperties) = preSolution
		HideSolutionNode = FALSE
	EndGlobalSection
	GlobalSection(ExtensibilityGlobals) = postSolution
		SolutionGuid = {DD901148-4C3B-4941-9A81-7E5FF02693D6}
	EndGlobalSection
EndGlobal
